// !$*UTF8*$!
{
	archiveVersion = 1;
	classes = {
	};
	objectVersion = 50;
	objects = {

/* Begin PBXBuildFile section */
		534D678722B82F770085702F /* AppDelegate.swift in Sources */ = {isa = PBXBuildFile; fileRef = 534D678622B82F770085702F /* AppDelegate.swift */; };
		534D678C22B82F770085702F /* Main.storyboard in Resources */ = {isa = PBXBuildFile; fileRef = 534D678A22B82F770085702F /* Main.storyboard */; };
		534D678E22B82F770085702F /* Assets.xcassets in Resources */ = {isa = PBXBuildFile; fileRef = 534D678D22B82F770085702F /* Assets.xcassets */; };
		534D679122B82F770085702F /* LaunchScreen.storyboard in Resources */ = {isa = PBXBuildFile; fileRef = 534D678F22B82F770085702F /* LaunchScreen.storyboard */; };
		534D679A22B834D80085702F /* Alarm.swift in Sources */ = {isa = PBXBuildFile; fileRef = 534D679922B834D80085702F /* Alarm.swift */; };
		534D679E22B838270085702F /* AlarmsListTableViewController.swift in Sources */ = {isa = PBXBuildFile; fileRef = 534D679D22B838270085702F /* AlarmsListTableViewController.swift */; };
		534D67A022B839510085702F /* AlarmDetailTableViewController.swift in Sources */ = {isa = PBXBuildFile; fileRef = 534D679F22B839510085702F /* AlarmDetailTableViewController.swift */; };
		534D67A222B839990085702F /* SwitchTableViewCell.swift in Sources */ = {isa = PBXBuildFile; fileRef = 534D67A122B839990085702F /* SwitchTableViewCell.swift */; };
		534D67AE22B84C480085702F /* AlarmController.swift in Sources */ = {isa = PBXBuildFile; fileRef = 534D67AD22B84C480085702F /* AlarmController.swift */; };
/* End PBXBuildFile section */

/* Begin PBXFileReference section */
		534D678322B82F770085702F /* AlarmClock.app */ = {isa = PBXFileReference; explicitFileType = wrapper.application; includeInIndex = 0; path = AlarmClock.app; sourceTree = BUILT_PRODUCTS_DIR; };
		534D678622B82F770085702F /* AppDelegate.swift */ = {isa = PBXFileReference; lastKnownFileType = sourcecode.swift; path = AppDelegate.swift; sourceTree = "<group>"; };
		534D678B22B82F770085702F /* Base */ = {isa = PBXFileReference; lastKnownFileType = file.storyboard; name = Base; path = Base.lproj/Main.storyboard; sourceTree = "<group>"; };
		534D678D22B82F770085702F /* Assets.xcassets */ = {isa = PBXFileReference; lastKnownFileType = folder.assetcatalog; path = Assets.xcassets; sourceTree = "<group>"; };
		534D679022B82F770085702F /* Base */ = {isa = PBXFileReference; lastKnownFileType = file.storyboard; name = Base; path = Base.lproj/LaunchScreen.storyboard; sourceTree = "<group>"; };
		534D679222B82F770085702F /* Info.plist */ = {isa = PBXFileReference; lastKnownFileType = text.plist.xml; path = Info.plist; sourceTree = "<group>"; };
		534D679922B834D80085702F /* Alarm.swift */ = {isa = PBXFileReference; lastKnownFileType = sourcecode.swift; path = Alarm.swift; sourceTree = "<group>"; };
		534D679D22B838270085702F /* AlarmsListTableViewController.swift */ = {isa = PBXFileReference; lastKnownFileType = sourcecode.swift; path = AlarmsListTableViewController.swift; sourceTree = "<group>"; };
		534D679F22B839510085702F /* AlarmDetailTableViewController.swift */ = {isa = PBXFileReference; lastKnownFileType = sourcecode.swift; path = AlarmDetailTableViewController.swift; sourceTree = "<group>"; };
		534D67A122B839990085702F /* SwitchTableViewCell.swift */ = {isa = PBXFileReference; lastKnownFileType = sourcecode.swift; path = SwitchTableViewCell.swift; sourceTree = "<group>"; };
		534D67AD22B84C480085702F /* AlarmController.swift */ = {isa = PBXFileReference; lastKnownFileType = sourcecode.swift; path = AlarmController.swift; sourceTree = "<group>"; };
/* End PBXFileReference section */

/* Begin PBXFrameworksBuildPhase section */
		534D678022B82F760085702F /* Frameworks */ = {
			isa = PBXFrameworksBuildPhase;
			buildActionMask = 2147483647;
			files = (
			);
			runOnlyForDeploymentPostprocessing = 0;
		};
/* End PBXFrameworksBuildPhase section */

/* Begin PBXGroup section */
		534D677A22B82F760085702F = {
			isa = PBXGroup;
			children = (
				534D678A22B82F770085702F /* Main.storyboard */,
				534D678522B82F770085702F /* AlarmClock */,
				534D678422B82F770085702F /* Products */,
			);
			sourceTree = "<group>";
		};
		534D678422B82F770085702F /* Products */ = {
			isa = PBXGroup;
			children = (
				534D678322B82F770085702F /* AlarmClock.app */,
			);
			name = Products;
			sourceTree = "<group>";
		};
		534D678522B82F770085702F /* AlarmClock */ = {
			isa = PBXGroup;
			children = (
				534D67A322B83F1F0085702F /* Model */,
				534D67A422B83F390085702F /* View Controller */,
				534D67AB22B84A580085702F /* Model Controller */,
				534D679822B82FFB0085702F /* Resources */,
			);
			path = AlarmClock;
			sourceTree = "<group>";
		};
		534D679822B82FFB0085702F /* Resources */ = {
			isa = PBXGroup;
			children = (
				534D678622B82F770085702F /* AppDelegate.swift */,
				534D678D22B82F770085702F /* Assets.xcassets */,
				534D678F22B82F770085702F /* LaunchScreen.storyboard */,
				534D679222B82F770085702F /* Info.plist */,
			);
			path = Resources;
			sourceTree = "<group>";
		};
		534D67A322B83F1F0085702F /* Model */ = {
			isa = PBXGroup;
			children = (
				534D679922B834D80085702F /* Alarm.swift */,
			);
			path = Model;
			sourceTree = "<group>";
		};
		534D67A422B83F390085702F /* View Controller */ = {
			isa = PBXGroup;
			children = (
				534D67A522B83F6B0085702F /* Custom View */,
				534D679D22B838270085702F /* AlarmsListTableViewController.swift */,
				534D679F22B839510085702F /* AlarmDetailTableViewController.swift */,
			);
			path = "View Controller";
			sourceTree = "<group>";
		};
		534D67A522B83F6B0085702F /* Custom View */ = {
			isa = PBXGroup;
			children = (
				534D67A122B839990085702F /* SwitchTableViewCell.swift */,
			);
			path = "Custom View";
			sourceTree = "<group>";
		};
		534D67AB22B84A580085702F /* Model Controller */ = {
			isa = PBXGroup;
			children = (
				534D67AD22B84C480085702F /* AlarmController.swift */,
			);
			path = "Model Controller";
			sourceTree = "<group>";
		};
/* End PBXGroup section */

/* Begin PBXNativeTarget section */
		534D678222B82F760085702F /* AlarmClock */ = {
			isa = PBXNativeTarget;
			buildConfigurationList = 534D679522B82F770085702F /* Build configuration list for PBXNativeTarget "AlarmClock" */;
			buildPhases = (
				534D677F22B82F760085702F /* Sources */,
				534D678022B82F760085702F /* Frameworks */,
				534D678122B82F760085702F /* Resources */,
			);
			buildRules = (
			);
			dependencies = (
			);
			name = AlarmClock;
			productName = AlarmClock;
			productReference = 534D678322B82F770085702F /* AlarmClock.app */;
			productType = "com.apple.product-type.application";
		};
/* End PBXNativeTarget section */

/* Begin PBXProject section */
		534D677B22B82F760085702F /* Project object */ = {
			isa = PBXProject;
			attributes = {
				LastSwiftUpdateCheck = 1020;
				LastUpgradeCheck = 1020;
				ORGANIZATIONNAME = "Madi S";
				TargetAttributes = {
					534D678222B82F760085702F = {
						CreatedOnToolsVersion = 10.2.1;
					};
				};
			};
			buildConfigurationList = 534D677E22B82F760085702F /* Build configuration list for PBXProject "AlarmClock" */;
			compatibilityVersion = "Xcode 9.3";
			developmentRegion = en;
			hasScannedForEncodings = 0;
			knownRegions = (
				en,
				Base,
			);
			mainGroup = 534D677A22B82F760085702F;
			productRefGroup = 534D678422B82F770085702F /* Products */;
			projectDirPath = "";
			projectRoot = "";
			targets = (
				534D678222B82F760085702F /* AlarmClock */,
			);
		};
/* End PBXProject section */

/* Begin PBXResourcesBuildPhase section */
		534D678122B82F760085702F /* Resources */ = {
			isa = PBXResourcesBuildPhase;
			buildActionMask = 2147483647;
			files = (
				534D679122B82F770085702F /* LaunchScreen.storyboard in Resources */,
				534D678E22B82F770085702F /* Assets.xcassets in Resources */,
				534D678C22B82F770085702F /* Main.storyboard in Resources */,
			);
			runOnlyForDeploymentPostprocessing = 0;
		};
/* End PBXResourcesBuildPhase section */

/* Begin PBXSourcesBuildPhase section */
		534D677F22B82F760085702F /* Sources */ = {
			isa = PBXSourcesBuildPhase;
			buildActionMask = 2147483647;
			files = (
				534D679E22B838270085702F /* AlarmsListTableViewController.swift in Sources */,
				534D678722B82F770085702F /* AppDelegate.swift in Sources */,
				534D67A222B839990085702F /* SwitchTableViewCell.swift in Sources */,
				534D67A022B839510085702F /* AlarmDetailTableViewController.swift in Sources */,
				534D679A22B834D80085702F /* Alarm.swift in Sources */,
				534D67AE22B84C480085702F /* AlarmController.swift in Sources */,
			);
			runOnlyForDeploymentPostprocessing = 0;
		};
/* End PBXSourcesBuildPhase section */

/* Begin PBXVariantGroup section */
		534D678A22B82F770085702F /* Main.storyboard */ = {
			isa = PBXVariantGroup;
			children = (
				534D678B22B82F770085702F /* Base */,
			);
			name = Main.storyboard;
			sourceTree = "<group>";
		};
		534D678F22B82F770085702F /* LaunchScreen.storyboard */ = {
			isa = PBXVariantGroup;
			children = (
				534D679022B82F770085702F /* Base */,
			);
			name = LaunchScreen.storyboard;
			sourceTree = "<group>";
		};
/* End PBXVariantGroup section */

/* Begin XCBuildConfiguration section */
		534D679322B82F770085702F /* Debug */ = {
			isa = XCBuildConfiguration;
			buildSettings = {
				ALWAYS_SEARCH_USER_PATHS = NO;
				CLANG_ANALYZER_NONNULL = YES;
				CLANG_ANALYZER_NUMBER_OBJECT_CONVERSION = YES_AGGRESSIVE;
				CLANG_CXX_LANGUAGE_STANDARD = "gnu++14";
				CLANG_CXX_LIBRARY = "libc++";
				CLANG_ENABLE_MODULES = YES;
				CLANG_ENABLE_OBJC_ARC = YES;
				CLANG_ENABLE_OBJC_WEAK = YES;
				CLANG_WARN_BLOCK_CAPTURE_AUTORELEASING = YES;
				CLANG_WARN_BOOL_CONVERSION = YES;
				CLANG_WARN_COMMA = YES;
				CLANG_WARN_CONSTANT_CONVERSION = YES;
				CLANG_WARN_DEPRECATED_OBJC_IMPLEMENTATIONS = YES;
				CLANG_WARN_DIRECT_OBJC_ISA_USAGE = YES_ERROR;
				CLANG_WARN_DOCUMENTATION_COMMENTS = YES;
				CLANG_WARN_EMPTY_BODY = YES;
				CLANG_WARN_ENUM_CONVERSION = YES;
				CLANG_WARN_INFINITE_RECURSION = YES;
				CLANG_WARN_INT_CONVERSION = YES;
				CLANG_WARN_NON_LITERAL_NULL_CONVERSION = YES;
				CLANG_WARN_OBJC_IMPLICIT_RETAIN_SELF = YES;
				CLANG_WARN_OBJC_LITERAL_CONVERSION = YES;
				CLANG_WARN_OBJC_ROOT_CLASS = YES_ERROR;
				CLANG_WARN_RANGE_LOOP_ANALYSIS = YES;
				CLANG_WARN_STRICT_PROTOTYPES = YES;
				CLANG_WARN_SUSPICIOUS_MOVE = YES;
				CLANG_WARN_UNGUARDED_AVAILABILITY = YES_AGGRESSIVE;
				CLANG_WARN_UNREACHABLE_CODE = YES;
				CLANG_WARN__DUPLICATE_METHOD_MATCH = YES;
				CODE_SIGN_IDENTITY = "iPhone Developer";
				COPY_PHASE_STRIP = NO;
				DEBUG_INFORMATION_FORMAT = dwarf;
				ENABLE_STRICT_OBJC_MSGSEND = YES;
				ENABLE_TESTABILITY = YES;
				GCC_C_LANGUAGE_STANDARD = gnu11;
				GCC_DYNAMIC_NO_PIC = NO;
				GCC_NO_COMMON_BLOCKS = YES;
				GCC_OPTIMIZATION_LEVEL = 0;
				GCC_PREPROCESSOR_DEFINITIONS = (
					"DEBUG=1",
					"$(inherited)",
				);
				GCC_WARN_64_TO_32_BIT_CONVERSION = YES;
				GCC_WARN_ABOUT_RETURN_TYPE = YES_ERROR;
				GCC_WARN_UNDECLARED_SELECTOR = YES;
				GCC_WARN_UNINITIALIZED_AUTOS = YES_AGGRESSIVE;
				GCC_WARN_UNUSED_FUNCTION = YES;
				GCC_WARN_UNUSED_VARIABLE = YES;
				IPHONEOS_DEPLOYMENT_TARGET = 12.2;
				MTL_ENABLE_DEBUG_INFO = INCLUDE_SOURCE;
				MTL_FAST_MATH = YES;
				ONLY_ACTIVE_ARCH = YES;
				SDKROOT = iphoneos;
				SWIFT_ACTIVE_COMPILATION_CONDITIONS = DEBUG;
				SWIFT_OPTIMIZATION_LEVEL = "-Onone";
			};
			name = Debug;
		};
		534D679422B82F770085702F /* Release */ = {
			isa = XCBuildConfiguration;
			buildSettings = {
				ALWAYS_SEARCH_USER_PATHS = NO;
				CLANG_ANALYZER_NONNULL = YES;
				CLANG_ANALYZER_NUMBER_OBJECT_CONVERSION = YES_AGGRESSIVE;
				CLANG_CXX_LANGUAGE_STANDARD = "gnu++14";
				CLANG_CXX_LIBRARY = "libc++";
				CLANG_ENABLE_MODULES = YES;
				CLANG_ENABLE_OBJC_ARC = YES;
				CLANG_ENABLE_OBJC_WEAK = YES;
				CLANG_WARN_BLOCK_CAPTURE_AUTORELEASING = YES;
				CLANG_WARN_BOOL_CONVERSION = YES;
				CLANG_WARN_COMMA = YES;
				CLANG_WARN_CONSTANT_CONVERSION = YES;
				CLANG_WARN_DEPRECATED_OBJC_IMPLEMENTATIONS = YES;
				CLANG_WARN_DIRECT_OBJC_ISA_USAGE = YES_ERROR;
				CLANG_WARN_DOCUMENTATION_COMMENTS = YES;
				CLANG_WARN_EMPTY_BODY = YES;
				CLANG_WARN_ENUM_CONVERSION = YES;
				CLANG_WARN_INFINITE_RECURSION = YES;
				CLANG_WARN_INT_CONVERSION = YES;
				CLANG_WARN_NON_LITERAL_NULL_CONVERSION = YES;
				CLANG_WARN_OBJC_IMPLICIT_RETAIN_SELF = YES;
				CLANG_WARN_OBJC_LITERAL_CONVERSION = YES;
				CLANG_WARN_OBJC_ROOT_CLASS = YES_ERROR;
				CLANG_WARN_RANGE_LOOP_ANALYSIS = YES;
				CLANG_WARN_STRICT_PROTOTYPES = YES;
				CLANG_WARN_SUSPICIOUS_MOVE = YES;
				CLANG_WARN_UNGUARDED_AVAILABILITY = YES_AGGRESSIVE;
				CLANG_WARN_UNREACHABLE_CODE = YES;
				CLANG_WARN__DUPLICATE_METHOD_MATCH = YES;
				CODE_SIGN_IDENTITY = "iPhone Developer";
				COPY_PHASE_STRIP = NO;
				DEBUG_INFORMATION_FORMAT = "dwarf-with-dsym";
				ENABLE_NS_ASSERTIONS = NO;
				ENABLE_STRICT_OBJC_MSGSEND = YES;
				GCC_C_LANGUAGE_STANDARD = gnu11;
				GCC_NO_COMMON_BLOCKS = YES;
				GCC_WARN_64_TO_32_BIT_CONVERSION = YES;
				GCC_WARN_ABOUT_RETURN_TYPE = YES_ERROR;
				GCC_WARN_UNDECLARED_SELECTOR = YES;
				GCC_WARN_UNINITIALIZED_AUTOS = YES_AGGRESSIVE;
				GCC_WARN_UNUSED_FUNCTION = YES;
				GCC_WARN_UNUSED_VARIABLE = YES;
				IPHONEOS_DEPLOYMENT_TARGET = 12.2;
				MTL_ENABLE_DEBUG_INFO = NO;
				MTL_FAST_MATH = YES;
				SDKROOT = iphoneos;
				SWIFT_COMPILATION_MODE = wholemodule;
				SWIFT_OPTIMIZATION_LEVEL = "-O";
				VALIDATE_PRODUCT = YES;
			};
			name = Release;
		};
		534D679622B82F770085702F /* Debug */ = {
			isa = XCBuildConfiguration;
			buildSettings = {
				ASSETCATALOG_COMPILER_APPICON_NAME = AppIcon;
				CODE_SIGN_STYLE = Automatic;
				INFOPLIST_FILE = "$(SRCROOT)/AlarmClock/Resources/Info.plist";
				LD_RUNPATH_SEARCH_PATHS = (
					"$(inherited)",
					"@executable_path/Frameworks",
				);
				PRODUCT_BUNDLE_IDENTIFIER = "Madi-S.AlarmClock";
				PRODUCT_NAME = "$(TARGET_NAME)";
				SWIFT_VERSION = 5.0;
				TARGETED_DEVICE_FAMILY = "1,2";
			};
			name = Debug;
		};
		534D679722B82F770085702F /* Release */ = {
			isa = XCBuildConfiguration;
			buildSettings = {
				ASSETCATALOG_COMPILER_APPICON_NAME = AppIcon;
				CODE_SIGN_STYLE = Automatic;
				INFOPLIST_FILE = "$(SRCROOT)/AlarmClock/Resources/Info.plist";
				LD_RUNPATH_SEARCH_PATHS = (
					"$(inherited)",
					"@executable_path/Frameworks",
				);
				PRODUCT_BUNDLE_IDENTIFIER = "Madi-S.AlarmClock";
				PRODUCT_NAME = "$(TARGET_NAME)";
				SWIFT_VERSION = 5.0;
				TARGETED_DEVICE_FAMILY = "1,2";
			};
			name = Release;
		};
/* End XCBuildConfiguration section */

/* Begin XCConfigurationList section */
		534D677E22B82F760085702F /* Build configuration list for PBXProject "AlarmClock" */ = {
			isa = XCConfigurationList;
			buildConfigurations = (
				534D679322B82F770085702F /* Debug */,
				534D679422B82F770085702F /* Release */,
			);
			defaultConfigurationIsVisible = 0;
			defaultConfigurationName = Release;
		};
		534D679522B82F770085702F /* Build configuration list for PBXNativeTarget "AlarmClock" */ = {
			isa = XCConfigurationList;
			buildConfigurations = (
				534D679622B82F770085702F /* Debug */,
				534D679722B82F770085702F /* Release */,
			);
			defaultConfigurationIsVisible = 0;
			defaultConfigurationName = Release;
		};
/* End XCConfigurationList section */
	};
	rootObject = 534D677B22B82F760085702F /* Project object */;
}
